{
  "name": "consumer-handler",
  "version": "1.0.0",
  "lockfileVersion": 3,
  "requires": true,
  "packages": {
    "": {
      "name": "consumer-handler",
      "version": "1.0.0",
      "license": "ISC",
      "dependencies": {
        "whandler": "^1.0.22",
        "ws": "^8.13.0"
      }
    },
    "node_modules/whandler": {
      "version": "1.0.22",
      "resolved": "https://registry.npmjs.org/whandler/-/whandler-1.0.22.tgz",
      "integrity": "sha512-haEDde4nm7hmpDwvxaY9KhgkoL3kBAJic0GOgt+V7f9qCFwz8m0Eio9J9OHjHHiGBSxucmrc/puI4y6ZZkbC6Q=="
    },
    "node_modules/ws": {
      "version": "8.13.0",
      "resolved": "https://registry.npmjs.org/ws/-/ws-8.13.0.tgz",
      "integrity": "sha512-x9vcZYTrFPC7aSIbj7sRCYo7L/Xb8Iy+pW0ng0wt2vCJv7M9HOMy0UoN3rr+IFC7hb7vXoqS+P9ktyLLLhO+LA==",
      "engines": {
        "node": ">=10.0.0"
      },
      "peerDependencies": {
        "bufferutil": "^4.0.1",
        "utf-8-validate": ">=5.0.2"
      },
      "peerDependenciesMeta": {
        "bufferutil": {
          "optional": true
        },
        "utf-8-validate": {
          "optional": true
        }
      }
    }
  }
}
